{
  "name": "expresso-consultoria-app",
  "lockfileVersion": 3,
  "requires": true,
  "packages": {
    "": {
      "dependencies": {
        "react-native-date-picker": "^5.0.13"
      }
    },
    "node_modules/react-native-date-picker": {
      "version": "5.0.13",
      "resolved": "https://registry.npmjs.org/react-native-date-picker/-/react-native-date-picker-5.0.13.tgz",
      "integrity": "sha512-qCLUODZVsJetO5zuoXjw1D39K527XWqBG8sOfhWdHyPzf13h8RXR1/RSKd1N0fdRDi5GdyizYmB0lPAK12/hbw==",
      "license": "MIT",
      "peerDependencies": {
        "react": ">= 17.0.1",
        "react-native": ">= 0.64.3"
      }
    }
  }
}
